// !$*UTF8*$!
{
	archiveVersion = 1;
	classes = {
	};
	objectVersion = 56;
	objects = {

/* Begin PBXBuildFile section */
		AB2BBAA02A6248560022B89D /* BuyingKindTests.swift in Sources */ = {isa = PBXBuildFile; fileRef = AB2BBA9F2A6248560022B89D /* BuyingKindTests.swift */; };
		AB2BBAA22A62489C0022B89D /* ListingKindTests.swift in Sources */ = {isa = PBXBuildFile; fileRef = AB2BBAA12A62489C0022B89D /* ListingKindTests.swift */; };
		AB2BBAA42A6248E90022B89D /* SellerLevelKindTests.swift in Sources */ = {isa = PBXBuildFile; fileRef = AB2BBAA32A6248E90022B89D /* SellerLevelKindTests.swift */; };
		AB2BBAA62A6249280022B89D /* SellerPowerKindTests.swift in Sources */ = {isa = PBXBuildFile; fileRef = AB2BBAA52A6249280022B89D /* SellerPowerKindTests.swift */; };
		AB2BBAA92A6249780022B89D /* ShippingModelTests.swift in Sources */ = {isa = PBXBuildFile; fileRef = AB2BBAA82A6249780022B89D /* ShippingModelTests.swift */; };
		AB2BBAAB2A624A440022B89D /* TransactionsModelTests.swift in Sources */ = {isa = PBXBuildFile; fileRef = AB2BBAAA2A624A440022B89D /* TransactionsModelTests.swift */; };
		AB2BBAAF2A624C710022B89D /* SearchFetchWorker.swift in Sources */ = {isa = PBXBuildFile; fileRef = AB2BBAAE2A624C710022B89D /* SearchFetchWorker.swift */; };
		AB2BBAB32A624CD90022B89D /* MockSearchFetchWorker.swift in Sources */ = {isa = PBXBuildFile; fileRef = AB2BBAB22A624CD90022B89D /* MockSearchFetchWorker.swift */; };
		AB2BBAB72A624D9C0022B89D /* ConcreteSearchFetchWorker.swift in Sources */ = {isa = PBXBuildFile; fileRef = AB2BBAB62A624D9C0022B89D /* ConcreteSearchFetchWorker.swift */; };
		AB2BBABB2A624E170022B89D /* ConcreteSearchFetchWorkerTests.swift in Sources */ = {isa = PBXBuildFile; fileRef = AB2BBABA2A624E170022B89D /* ConcreteSearchFetchWorkerTests.swift */; };
		ABA9A22A2A5F8CE4005D8BE0 /* AppDelegate.swift in Sources */ = {isa = PBXBuildFile; fileRef = ABA9A2292A5F8CE4005D8BE0 /* AppDelegate.swift */; };
		ABA9A22C2A5F8CE4005D8BE0 /* SceneDelegate.swift in Sources */ = {isa = PBXBuildFile; fileRef = ABA9A22B2A5F8CE4005D8BE0 /* SceneDelegate.swift */; };
		ABA9A2332A5F8CE5005D8BE0 /* Assets.xcassets in Resources */ = {isa = PBXBuildFile; fileRef = ABA9A2322A5F8CE5005D8BE0 /* Assets.xcassets */; };
		ABA9A2612A5F8F6E005D8BE0 /* ConcreteNetworkingProvider.swift in Sources */ = {isa = PBXBuildFile; fileRef = ABA9A25C2A5F8F6E005D8BE0 /* ConcreteNetworkingProvider.swift */; };
		ABA9A2622A5F8F6E005D8BE0 /* NetworkingProvider.swift in Sources */ = {isa = PBXBuildFile; fileRef = ABA9A25D2A5F8F6E005D8BE0 /* NetworkingProvider.swift */; };
		ABA9A2632A5F8F6E005D8BE0 /* HTTPMethod.swift in Sources */ = {isa = PBXBuildFile; fileRef = ABA9A25E2A5F8F6E005D8BE0 /* HTTPMethod.swift */; };
		ABA9A2642A5F8F6E005D8BE0 /* RequestError.swift in Sources */ = {isa = PBXBuildFile; fileRef = ABA9A25F2A5F8F6E005D8BE0 /* RequestError.swift */; };
		ABA9A2652A5F8F6E005D8BE0 /* RequestType.swift in Sources */ = {isa = PBXBuildFile; fileRef = ABA9A2602A5F8F6E005D8BE0 /* RequestType.swift */; };
		ABA9A2692A5F9020005D8BE0 /* RequestErrorTests.swift in Sources */ = {isa = PBXBuildFile; fileRef = ABA9A2672A5F9020005D8BE0 /* RequestErrorTests.swift */; };
		ABA9A26A2A5F9020005D8BE0 /* HTTPMethodTests.swift in Sources */ = {isa = PBXBuildFile; fileRef = ABA9A2682A5F9020005D8BE0 /* HTTPMethodTests.swift */; };
		ABA9A26E2A5F928A005D8BE0 /* Logger.swift in Sources */ = {isa = PBXBuildFile; fileRef = ABA9A26D2A5F928A005D8BE0 /* Logger.swift */; };
		ABA9A2722A5F92B5005D8BE0 /* Data+prettyPrintedJSONString.swift in Sources */ = {isa = PBXBuildFile; fileRef = ABA9A2702A5F92B5005D8BE0 /* Data+prettyPrintedJSONString.swift */; };
		ABA9A2732A5F92B5005D8BE0 /* Dictionary+prettyPrintedJSONString.swift in Sources */ = {isa = PBXBuildFile; fileRef = ABA9A2712A5F92B5005D8BE0 /* Dictionary+prettyPrintedJSONString.swift */; };
		ABA9A2762A5F9D01005D8BE0 /* EcommerceAPI.swift in Sources */ = {isa = PBXBuildFile; fileRef = ABA9A2752A5F9D01005D8BE0 /* EcommerceAPI.swift */; };
		ABA9A2782A5F9D67005D8BE0 /* EcommerceAPI+Search.swift in Sources */ = {isa = PBXBuildFile; fileRef = ABA9A2772A5F9D67005D8BE0 /* EcommerceAPI+Search.swift */; };
		ABA9A27B2A61FFDF005D8BE0 /* EcommerceAPITests.swift in Sources */ = {isa = PBXBuildFile; fileRef = ABA9A27A2A61FFDF005D8BE0 /* EcommerceAPITests.swift */; };
		ABA9A27E2A6202AC005D8BE0 /* SearchDTO.swift in Sources */ = {isa = PBXBuildFile; fileRef = ABA9A27D2A6202AC005D8BE0 /* SearchDTO.swift */; };
		ABA9A2812A62117A005D8BE0 /* Stubs.xcassets in Resources */ = {isa = PBXBuildFile; fileRef = ABA9A2802A62117A005D8BE0 /* Stubs.xcassets */; };
		ABA9A2862A621869005D8BE0 /* SearchDTOTests.swift in Sources */ = {isa = PBXBuildFile; fileRef = ABA9A2852A621869005D8BE0 /* SearchDTOTests.swift */; };
		ABA9A28A2A6218AB005D8BE0 /* Helper.swift in Sources */ = {isa = PBXBuildFile; fileRef = ABA9A2892A6218AB005D8BE0 /* Helper.swift */; };
		ABA9A28C2A6218EE005D8BE0 /* Helper+DTOs.swift in Sources */ = {isa = PBXBuildFile; fileRef = ABA9A28B2A6218EE005D8BE0 /* Helper+DTOs.swift */; };
		ABA9A28E2A62192A005D8BE0 /* Helper+Utils.swift in Sources */ = {isa = PBXBuildFile; fileRef = ABA9A28D2A62192A005D8BE0 /* Helper+Utils.swift */; };
		ABA9A2922A622719005D8BE0 /* IdentifierType.swift in Sources */ = {isa = PBXBuildFile; fileRef = ABA9A2912A622719005D8BE0 /* IdentifierType.swift */; };
		ABA9A2982A62279E005D8BE0 /* SearchItemID.swift in Sources */ = {isa = PBXBuildFile; fileRef = ABA9A2972A62279E005D8BE0 /* SearchItemID.swift */; };
		ABA9A29B2A622822005D8BE0 /* SearchModel.swift in Sources */ = {isa = PBXBuildFile; fileRef = ABA9A29A2A622822005D8BE0 /* SearchModel.swift */; };
		ABA9A29D2A62294E005D8BE0 /* PagingModel.swift in Sources */ = {isa = PBXBuildFile; fileRef = ABA9A29C2A62294E005D8BE0 /* PagingModel.swift */; };
		ABA9A29F2A622B55005D8BE0 /* SearchItemModel.swift in Sources */ = {isa = PBXBuildFile; fileRef = ABA9A29E2A622B55005D8BE0 /* SearchItemModel.swift */; };
		ABA9A2A22A622BB2005D8BE0 /* BuyingKind.swift in Sources */ = {isa = PBXBuildFile; fileRef = ABA9A2A12A622BB2005D8BE0 /* BuyingKind.swift */; };
		ABA9A2A42A622BDB005D8BE0 /* ListingKind.swift in Sources */ = {isa = PBXBuildFile; fileRef = ABA9A2A32A622BDB005D8BE0 /* ListingKind.swift */; };
		ABA9A2A62A622C3F005D8BE0 /* ShippingModel.swift in Sources */ = {isa = PBXBuildFile; fileRef = ABA9A2A52A622C3F005D8BE0 /* ShippingModel.swift */; };
		ABA9A2A82A622C86005D8BE0 /* SellerID.swift in Sources */ = {isa = PBXBuildFile; fileRef = ABA9A2A72A622C86005D8BE0 /* SellerID.swift */; };
		ABA9A2AA2A622C9D005D8BE0 /* SellerModel.swift in Sources */ = {isa = PBXBuildFile; fileRef = ABA9A2A92A622C9D005D8BE0 /* SellerModel.swift */; };
		ABA9A2AC2A622CDA005D8BE0 /* SellerAddressModel.swift in Sources */ = {isa = PBXBuildFile; fileRef = ABA9A2AB2A622CDA005D8BE0 /* SellerAddressModel.swift */; };
		ABA9A2AE2A622D5B005D8BE0 /* AddressModel.swift in Sources */ = {isa = PBXBuildFile; fileRef = ABA9A2AD2A622D5B005D8BE0 /* AddressModel.swift */; };
		ABA9A2B02A622DB5005D8BE0 /* SellerReputationModel.swift in Sources */ = {isa = PBXBuildFile; fileRef = ABA9A2AF2A622DB5005D8BE0 /* SellerReputationModel.swift */; };
		ABA9A2B22A622E32005D8BE0 /* LocationCommonModel.swift in Sources */ = {isa = PBXBuildFile; fileRef = ABA9A2B12A622E32005D8BE0 /* LocationCommonModel.swift */; };
		ABA9A2B42A622E89005D8BE0 /* SellerLevelKind.swift in Sources */ = {isa = PBXBuildFile; fileRef = ABA9A2B32A622E89005D8BE0 /* SellerLevelKind.swift */; };
		ABA9A2B62A622EDA005D8BE0 /* SellerPowerKind.swift in Sources */ = {isa = PBXBuildFile; fileRef = ABA9A2B52A622EDA005D8BE0 /* SellerPowerKind.swift */; };
		ABA9A2B82A622FF4005D8BE0 /* MetricsModel.swift in Sources */ = {isa = PBXBuildFile; fileRef = ABA9A2B72A622FF4005D8BE0 /* MetricsModel.swift */; };
		ABA9A2BA2A623032005D8BE0 /* TransactionsModel.swift in Sources */ = {isa = PBXBuildFile; fileRef = ABA9A2B92A623032005D8BE0 /* TransactionsModel.swift */; };
		ABA9A2BC2A623061005D8BE0 /* RatingsModel.swift in Sources */ = {isa = PBXBuildFile; fileRef = ABA9A2BB2A623061005D8BE0 /* RatingsModel.swift */; };
		ABA9A2BE2A6230DF005D8BE0 /* SaleModel.swift in Sources */ = {isa = PBXBuildFile; fileRef = ABA9A2BD2A6230DF005D8BE0 /* SaleModel.swift */; };
		ABA9A2C02A62316C005D8BE0 /* MetricDetailModel.swift in Sources */ = {isa = PBXBuildFile; fileRef = ABA9A2BF2A62316C005D8BE0 /* MetricDetailModel.swift */; };
		ABA9A2C42A6235E6005D8BE0 /* SearchRepository.swift in Sources */ = {isa = PBXBuildFile; fileRef = ABA9A2C32A6235E6005D8BE0 /* SearchRepository.swift */; };
		ABA9A2CA2A6236EA005D8BE0 /* ConcreteSearchRepository.swift in Sources */ = {isa = PBXBuildFile; fileRef = ABA9A2C92A6236EA005D8BE0 /* ConcreteSearchRepository.swift */; };
		ABA9A2CD2A6237D7005D8BE0 /* ShippingModel+SearchDTO.swift in Sources */ = {isa = PBXBuildFile; fileRef = ABA9A2CC2A6237D7005D8BE0 /* ShippingModel+SearchDTO.swift */; };
		ABA9A2CF2A623891005D8BE0 /* SaleModel+SearchDTO.swift in Sources */ = {isa = PBXBuildFile; fileRef = ABA9A2CE2A623891005D8BE0 /* SaleModel+SearchDTO.swift */; };
		ABA9A2D12A62394D005D8BE0 /* AddressModel+SearchDTO.swift in Sources */ = {isa = PBXBuildFile; fileRef = ABA9A2D02A62394D005D8BE0 /* AddressModel+SearchDTO.swift */; };
		ABA9A2D32A623998005D8BE0 /* LocationCommonModel+SearchDTO.swift in Sources */ = {isa = PBXBuildFile; fileRef = ABA9A2D22A623998005D8BE0 /* LocationCommonModel+SearchDTO.swift */; };
		ABA9A2D52A623A01005D8BE0 /* MetricDetailModel+SearchDTO.swift in Sources */ = {isa = PBXBuildFile; fileRef = ABA9A2D42A623A01005D8BE0 /* MetricDetailModel+SearchDTO.swift */; };
		ABA9A2D72A623A48005D8BE0 /* PagingModel+SearchDTO.swift in Sources */ = {isa = PBXBuildFile; fileRef = ABA9A2D62A623A48005D8BE0 /* PagingModel+SearchDTO.swift */; };
		ABA9A2D92A623A7C005D8BE0 /* RatingsModel+SearchDTO.swift in Sources */ = {isa = PBXBuildFile; fileRef = ABA9A2D82A623A7C005D8BE0 /* RatingsModel+SearchDTO.swift */; };
		ABA9A2DB2A623AE8005D8BE0 /* TransactionsModel+SearchDTO.swift in Sources */ = {isa = PBXBuildFile; fileRef = ABA9A2DA2A623AE8005D8BE0 /* TransactionsModel+SearchDTO.swift */; };
		ABA9A2DD2A623B4A005D8BE0 /* SellerReputationModel+SearchDTO.swift in Sources */ = {isa = PBXBuildFile; fileRef = ABA9A2DC2A623B4A005D8BE0 /* SellerReputationModel+SearchDTO.swift */; };
		ABA9A2DF2A623BD8005D8BE0 /* MetricsModel+SearchDTO.swift in Sources */ = {isa = PBXBuildFile; fileRef = ABA9A2DE2A623BD8005D8BE0 /* MetricsModel+SearchDTO.swift */; };
		ABA9A2E12A623C83005D8BE0 /* SearchItemModel+SearchDTO.swift in Sources */ = {isa = PBXBuildFile; fileRef = ABA9A2E02A623C83005D8BE0 /* SearchItemModel+SearchDTO.swift */; };
		ABA9A2E32A623DC1005D8BE0 /* SellerModel+SearchDTO.swift in Sources */ = {isa = PBXBuildFile; fileRef = ABA9A2E22A623DC1005D8BE0 /* SellerModel+SearchDTO.swift */; };
		ABA9A2E52A623E3B005D8BE0 /* SellerAddressModel+SearchDTO.swift in Sources */ = {isa = PBXBuildFile; fileRef = ABA9A2E42A623E3B005D8BE0 /* SellerAddressModel+SearchDTO.swift */; };
		ABA9A2E72A623EFD005D8BE0 /* SearchModel+SearchDTO.swift in Sources */ = {isa = PBXBuildFile; fileRef = ABA9A2E62A623EFD005D8BE0 /* SearchModel+SearchDTO.swift */; };
		ABA9A2EB2A623FE3005D8BE0 /* IdentifierTypeTests.swift in Sources */ = {isa = PBXBuildFile; fileRef = ABA9A2EA2A623FE3005D8BE0 /* IdentifierTypeTests.swift */; };
		ABA9A2ED2A624014005D8BE0 /* ViewController.swift in Sources */ = {isa = PBXBuildFile; fileRef = ABA9A2EC2A624014005D8BE0 /* ViewController.swift */; };
		ABA9A2F42A6240AB005D8BE0 /* Invocable.swift in Sources */ = {isa = PBXBuildFile; fileRef = ABA9A2F02A6240AB005D8BE0 /* Invocable.swift */; };
		ABA9A2F52A6240AB005D8BE0 /* Stubbable.swift in Sources */ = {isa = PBXBuildFile; fileRef = ABA9A2F12A6240AB005D8BE0 /* Stubbable.swift */; };
		ABA9A2F62A6240AB005D8BE0 /* Mockable.swift in Sources */ = {isa = PBXBuildFile; fileRef = ABA9A2F22A6240AB005D8BE0 /* Mockable.swift */; };
		ABA9A2F72A6240AB005D8BE0 /* AssociatedKeys.swift in Sources */ = {isa = PBXBuildFile; fileRef = ABA9A2F32A6240AB005D8BE0 /* AssociatedKeys.swift */; };
		ABA9A2FA2A6240C8005D8BE0 /* MockNetworkingProvider.swift in Sources */ = {isa = PBXBuildFile; fileRef = ABA9A2F92A6240C8005D8BE0 /* MockNetworkingProvider.swift */; };
		ABA9A2FD2A6240F1005D8BE0 /* XCTestCase+XCTAssertThrowsAsyncError.swift in Sources */ = {isa = PBXBuildFile; fileRef = ABA9A2FC2A6240F1005D8BE0 /* XCTestCase+XCTAssertThrowsAsyncError.swift */; };
		ABA9A3012A624130005D8BE0 /* MockSearchRepository.swift in Sources */ = {isa = PBXBuildFile; fileRef = ABA9A3002A624130005D8BE0 /* MockSearchRepository.swift */; };
		ABA9A3062A624256005D8BE0 /* ConcreteSearchRepositoryTests.swift in Sources */ = {isa = PBXBuildFile; fileRef = ABA9A3052A624256005D8BE0 /* ConcreteSearchRepositoryTests.swift */; };
		ABA9A3092A62435F005D8BE0 /* Helper+Models.swift in Sources */ = {isa = PBXBuildFile; fileRef = ABA9A3082A62435F005D8BE0 /* Helper+Models.swift */; };
/* End PBXBuildFile section */

/* Begin PBXContainerItemProxy section */
		ABA9A23D2A5F8CE5005D8BE0 /* PBXContainerItemProxy */ = {
			isa = PBXContainerItemProxy;
			containerPortal = ABA9A21E2A5F8CE4005D8BE0 /* Project object */;
			proxyType = 1;
			remoteGlobalIDString = ABA9A2252A5F8CE4005D8BE0;
			remoteInfo = Ecommerce;
		};
/* End PBXContainerItemProxy section */

/* Begin PBXFileReference section */
		AB2BBA9F2A6248560022B89D /* BuyingKindTests.swift */ = {isa = PBXFileReference; lastKnownFileType = sourcecode.swift; path = BuyingKindTests.swift; sourceTree = "<group>"; };
		AB2BBAA12A62489C0022B89D /* ListingKindTests.swift */ = {isa = PBXFileReference; lastKnownFileType = sourcecode.swift; path = ListingKindTests.swift; sourceTree = "<group>"; };
		AB2BBAA32A6248E90022B89D /* SellerLevelKindTests.swift */ = {isa = PBXFileReference; lastKnownFileType = sourcecode.swift; path = SellerLevelKindTests.swift; sourceTree = "<group>"; };
		AB2BBAA52A6249280022B89D /* SellerPowerKindTests.swift */ = {isa = PBXFileReference; lastKnownFileType = sourcecode.swift; path = SellerPowerKindTests.swift; sourceTree = "<group>"; };
		AB2BBAA82A6249780022B89D /* ShippingModelTests.swift */ = {isa = PBXFileReference; lastKnownFileType = sourcecode.swift; path = ShippingModelTests.swift; sourceTree = "<group>"; };
		AB2BBAAA2A624A440022B89D /* TransactionsModelTests.swift */ = {isa = PBXFileReference; lastKnownFileType = sourcecode.swift; path = TransactionsModelTests.swift; sourceTree = "<group>"; };
		AB2BBAAE2A624C710022B89D /* SearchFetchWorker.swift */ = {isa = PBXFileReference; lastKnownFileType = sourcecode.swift; path = SearchFetchWorker.swift; sourceTree = "<group>"; };
		AB2BBAB22A624CD90022B89D /* MockSearchFetchWorker.swift */ = {isa = PBXFileReference; lastKnownFileType = sourcecode.swift; path = MockSearchFetchWorker.swift; sourceTree = "<group>"; };
		AB2BBAB62A624D9C0022B89D /* ConcreteSearchFetchWorker.swift */ = {isa = PBXFileReference; lastKnownFileType = sourcecode.swift; path = ConcreteSearchFetchWorker.swift; sourceTree = "<group>"; };
		AB2BBABA2A624E170022B89D /* ConcreteSearchFetchWorkerTests.swift */ = {isa = PBXFileReference; lastKnownFileType = sourcecode.swift; path = ConcreteSearchFetchWorkerTests.swift; sourceTree = "<group>"; };
		ABA9A2262A5F8CE4005D8BE0 /* Ecommerce.app */ = {isa = PBXFileReference; explicitFileType = wrapper.application; includeInIndex = 0; path = Ecommerce.app; sourceTree = BUILT_PRODUCTS_DIR; };
		ABA9A2292A5F8CE4005D8BE0 /* AppDelegate.swift */ = {isa = PBXFileReference; lastKnownFileType = sourcecode.swift; path = AppDelegate.swift; sourceTree = "<group>"; };
		ABA9A22B2A5F8CE4005D8BE0 /* SceneDelegate.swift */ = {isa = PBXFileReference; lastKnownFileType = sourcecode.swift; path = SceneDelegate.swift; sourceTree = "<group>"; };
		ABA9A2322A5F8CE5005D8BE0 /* Assets.xcassets */ = {isa = PBXFileReference; lastKnownFileType = folder.assetcatalog; path = Assets.xcassets; sourceTree = "<group>"; };
		ABA9A2372A5F8CE5005D8BE0 /* Info.plist */ = {isa = PBXFileReference; lastKnownFileType = text.plist.xml; path = Info.plist; sourceTree = "<group>"; };
		ABA9A23C2A5F8CE5005D8BE0 /* EcommerceTests.xctest */ = {isa = PBXFileReference; explicitFileType = wrapper.cfbundle; includeInIndex = 0; path = EcommerceTests.xctest; sourceTree = BUILT_PRODUCTS_DIR; };
		ABA9A25C2A5F8F6E005D8BE0 /* ConcreteNetworkingProvider.swift */ = {isa = PBXFileReference; fileEncoding = 4; lastKnownFileType = sourcecode.swift; path = ConcreteNetworkingProvider.swift; sourceTree = "<group>"; };
		ABA9A25D2A5F8F6E005D8BE0 /* NetworkingProvider.swift */ = {isa = PBXFileReference; fileEncoding = 4; lastKnownFileType = sourcecode.swift; path = NetworkingProvider.swift; sourceTree = "<group>"; };
		ABA9A25E2A5F8F6E005D8BE0 /* HTTPMethod.swift */ = {isa = PBXFileReference; fileEncoding = 4; lastKnownFileType = sourcecode.swift; path = HTTPMethod.swift; sourceTree = "<group>"; };
		ABA9A25F2A5F8F6E005D8BE0 /* RequestError.swift */ = {isa = PBXFileReference; fileEncoding = 4; lastKnownFileType = sourcecode.swift; path = RequestError.swift; sourceTree = "<group>"; };
		ABA9A2602A5F8F6E005D8BE0 /* RequestType.swift */ = {isa = PBXFileReference; fileEncoding = 4; lastKnownFileType = sourcecode.swift; path = RequestType.swift; sourceTree = "<group>"; };
		ABA9A2672A5F9020005D8BE0 /* RequestErrorTests.swift */ = {isa = PBXFileReference; fileEncoding = 4; lastKnownFileType = sourcecode.swift; path = RequestErrorTests.swift; sourceTree = "<group>"; };
		ABA9A2682A5F9020005D8BE0 /* HTTPMethodTests.swift */ = {isa = PBXFileReference; fileEncoding = 4; lastKnownFileType = sourcecode.swift; path = HTTPMethodTests.swift; sourceTree = "<group>"; };
		ABA9A26D2A5F928A005D8BE0 /* Logger.swift */ = {isa = PBXFileReference; fileEncoding = 4; lastKnownFileType = sourcecode.swift; path = Logger.swift; sourceTree = "<group>"; };
		ABA9A2702A5F92B5005D8BE0 /* Data+prettyPrintedJSONString.swift */ = {isa = PBXFileReference; fileEncoding = 4; lastKnownFileType = sourcecode.swift; path = "Data+prettyPrintedJSONString.swift"; sourceTree = "<group>"; };
		ABA9A2712A5F92B5005D8BE0 /* Dictionary+prettyPrintedJSONString.swift */ = {isa = PBXFileReference; fileEncoding = 4; lastKnownFileType = sourcecode.swift; path = "Dictionary+prettyPrintedJSONString.swift"; sourceTree = "<group>"; };
		ABA9A2752A5F9D01005D8BE0 /* EcommerceAPI.swift */ = {isa = PBXFileReference; lastKnownFileType = sourcecode.swift; path = EcommerceAPI.swift; sourceTree = "<group>"; };
		ABA9A2772A5F9D67005D8BE0 /* EcommerceAPI+Search.swift */ = {isa = PBXFileReference; lastKnownFileType = sourcecode.swift; path = "EcommerceAPI+Search.swift"; sourceTree = "<group>"; };
		ABA9A27A2A61FFDF005D8BE0 /* EcommerceAPITests.swift */ = {isa = PBXFileReference; lastKnownFileType = sourcecode.swift; path = EcommerceAPITests.swift; sourceTree = "<group>"; };
		ABA9A27D2A6202AC005D8BE0 /* SearchDTO.swift */ = {isa = PBXFileReference; lastKnownFileType = sourcecode.swift; path = SearchDTO.swift; sourceTree = "<group>"; };
		ABA9A2802A62117A005D8BE0 /* Stubs.xcassets */ = {isa = PBXFileReference; lastKnownFileType = folder.assetcatalog; path = Stubs.xcassets; sourceTree = "<group>"; };
		ABA9A2852A621869005D8BE0 /* SearchDTOTests.swift */ = {isa = PBXFileReference; lastKnownFileType = sourcecode.swift; path = SearchDTOTests.swift; sourceTree = "<group>"; };
		ABA9A2892A6218AB005D8BE0 /* Helper.swift */ = {isa = PBXFileReference; lastKnownFileType = sourcecode.swift; path = Helper.swift; sourceTree = "<group>"; };
		ABA9A28B2A6218EE005D8BE0 /* Helper+DTOs.swift */ = {isa = PBXFileReference; lastKnownFileType = sourcecode.swift; path = "Helper+DTOs.swift"; sourceTree = "<group>"; };
		ABA9A28D2A62192A005D8BE0 /* Helper+Utils.swift */ = {isa = PBXFileReference; lastKnownFileType = sourcecode.swift; path = "Helper+Utils.swift"; sourceTree = "<group>"; };
		ABA9A2912A622719005D8BE0 /* IdentifierType.swift */ = {isa = PBXFileReference; fileEncoding = 4; lastKnownFileType = sourcecode.swift; path = IdentifierType.swift; sourceTree = "<group>"; };
		ABA9A2972A62279E005D8BE0 /* SearchItemID.swift */ = {isa = PBXFileReference; lastKnownFileType = sourcecode.swift; path = SearchItemID.swift; sourceTree = "<group>"; };
		ABA9A29A2A622822005D8BE0 /* SearchModel.swift */ = {isa = PBXFileReference; lastKnownFileType = sourcecode.swift; path = SearchModel.swift; sourceTree = "<group>"; };
		ABA9A29C2A62294E005D8BE0 /* PagingModel.swift */ = {isa = PBXFileReference; lastKnownFileType = sourcecode.swift; path = PagingModel.swift; sourceTree = "<group>"; };
		ABA9A29E2A622B55005D8BE0 /* SearchItemModel.swift */ = {isa = PBXFileReference; lastKnownFileType = sourcecode.swift; path = SearchItemModel.swift; sourceTree = "<group>"; };
		ABA9A2A12A622BB2005D8BE0 /* BuyingKind.swift */ = {isa = PBXFileReference; lastKnownFileType = sourcecode.swift; path = BuyingKind.swift; sourceTree = "<group>"; };
		ABA9A2A32A622BDB005D8BE0 /* ListingKind.swift */ = {isa = PBXFileReference; lastKnownFileType = sourcecode.swift; path = ListingKind.swift; sourceTree = "<group>"; };
		ABA9A2A52A622C3F005D8BE0 /* ShippingModel.swift */ = {isa = PBXFileReference; lastKnownFileType = sourcecode.swift; path = ShippingModel.swift; sourceTree = "<group>"; };
		ABA9A2A72A622C86005D8BE0 /* SellerID.swift */ = {isa = PBXFileReference; lastKnownFileType = sourcecode.swift; path = SellerID.swift; sourceTree = "<group>"; };
		ABA9A2A92A622C9D005D8BE0 /* SellerModel.swift */ = {isa = PBXFileReference; lastKnownFileType = sourcecode.swift; path = SellerModel.swift; sourceTree = "<group>"; };
		ABA9A2AB2A622CDA005D8BE0 /* SellerAddressModel.swift */ = {isa = PBXFileReference; lastKnownFileType = sourcecode.swift; path = SellerAddressModel.swift; sourceTree = "<group>"; };
		ABA9A2AD2A622D5B005D8BE0 /* AddressModel.swift */ = {isa = PBXFileReference; lastKnownFileType = sourcecode.swift; path = AddressModel.swift; sourceTree = "<group>"; };
		ABA9A2AF2A622DB5005D8BE0 /* SellerReputationModel.swift */ = {isa = PBXFileReference; lastKnownFileType = sourcecode.swift; path = SellerReputationModel.swift; sourceTree = "<group>"; };
		ABA9A2B12A622E32005D8BE0 /* LocationCommonModel.swift */ = {isa = PBXFileReference; lastKnownFileType = sourcecode.swift; path = LocationCommonModel.swift; sourceTree = "<group>"; };
		ABA9A2B32A622E89005D8BE0 /* SellerLevelKind.swift */ = {isa = PBXFileReference; lastKnownFileType = sourcecode.swift; path = SellerLevelKind.swift; sourceTree = "<group>"; };
		ABA9A2B52A622EDA005D8BE0 /* SellerPowerKind.swift */ = {isa = PBXFileReference; lastKnownFileType = sourcecode.swift; path = SellerPowerKind.swift; sourceTree = "<group>"; };
		ABA9A2B72A622FF4005D8BE0 /* MetricsModel.swift */ = {isa = PBXFileReference; lastKnownFileType = sourcecode.swift; path = MetricsModel.swift; sourceTree = "<group>"; };
		ABA9A2B92A623032005D8BE0 /* TransactionsModel.swift */ = {isa = PBXFileReference; lastKnownFileType = sourcecode.swift; path = TransactionsModel.swift; sourceTree = "<group>"; };
		ABA9A2BB2A623061005D8BE0 /* RatingsModel.swift */ = {isa = PBXFileReference; lastKnownFileType = sourcecode.swift; path = RatingsModel.swift; sourceTree = "<group>"; };
		ABA9A2BD2A6230DF005D8BE0 /* SaleModel.swift */ = {isa = PBXFileReference; lastKnownFileType = sourcecode.swift; path = SaleModel.swift; sourceTree = "<group>"; };
		ABA9A2BF2A62316C005D8BE0 /* MetricDetailModel.swift */ = {isa = PBXFileReference; lastKnownFileType = sourcecode.swift; path = MetricDetailModel.swift; sourceTree = "<group>"; };
		ABA9A2C32A6235E6005D8BE0 /* SearchRepository.swift */ = {isa = PBXFileReference; lastKnownFileType = sourcecode.swift; path = SearchRepository.swift; sourceTree = "<group>"; };
		ABA9A2C92A6236EA005D8BE0 /* ConcreteSearchRepository.swift */ = {isa = PBXFileReference; lastKnownFileType = sourcecode.swift; path = ConcreteSearchRepository.swift; sourceTree = "<group>"; };
		ABA9A2CC2A6237D7005D8BE0 /* ShippingModel+SearchDTO.swift */ = {isa = PBXFileReference; lastKnownFileType = sourcecode.swift; path = "ShippingModel+SearchDTO.swift"; sourceTree = "<group>"; };
		ABA9A2CE2A623891005D8BE0 /* SaleModel+SearchDTO.swift */ = {isa = PBXFileReference; lastKnownFileType = sourcecode.swift; path = "SaleModel+SearchDTO.swift"; sourceTree = "<group>"; };
		ABA9A2D02A62394D005D8BE0 /* AddressModel+SearchDTO.swift */ = {isa = PBXFileReference; lastKnownFileType = sourcecode.swift; path = "AddressModel+SearchDTO.swift"; sourceTree = "<group>"; };
		ABA9A2D22A623998005D8BE0 /* LocationCommonModel+SearchDTO.swift */ = {isa = PBXFileReference; lastKnownFileType = sourcecode.swift; path = "LocationCommonModel+SearchDTO.swift"; sourceTree = "<group>"; };
		ABA9A2D42A623A01005D8BE0 /* MetricDetailModel+SearchDTO.swift */ = {isa = PBXFileReference; lastKnownFileType = sourcecode.swift; path = "MetricDetailModel+SearchDTO.swift"; sourceTree = "<group>"; };
		ABA9A2D62A623A48005D8BE0 /* PagingModel+SearchDTO.swift */ = {isa = PBXFileReference; lastKnownFileType = sourcecode.swift; path = "PagingModel+SearchDTO.swift"; sourceTree = "<group>"; };
		ABA9A2D82A623A7C005D8BE0 /* RatingsModel+SearchDTO.swift */ = {isa = PBXFileReference; lastKnownFileType = sourcecode.swift; path = "RatingsModel+SearchDTO.swift"; sourceTree = "<group>"; };
		ABA9A2DA2A623AE8005D8BE0 /* TransactionsModel+SearchDTO.swift */ = {isa = PBXFileReference; lastKnownFileType = sourcecode.swift; path = "TransactionsModel+SearchDTO.swift"; sourceTree = "<group>"; };
		ABA9A2DC2A623B4A005D8BE0 /* SellerReputationModel+SearchDTO.swift */ = {isa = PBXFileReference; lastKnownFileType = sourcecode.swift; path = "SellerReputationModel+SearchDTO.swift"; sourceTree = "<group>"; };
		ABA9A2DE2A623BD8005D8BE0 /* MetricsModel+SearchDTO.swift */ = {isa = PBXFileReference; lastKnownFileType = sourcecode.swift; path = "MetricsModel+SearchDTO.swift"; sourceTree = "<group>"; };
		ABA9A2E02A623C83005D8BE0 /* SearchItemModel+SearchDTO.swift */ = {isa = PBXFileReference; lastKnownFileType = sourcecode.swift; path = "SearchItemModel+SearchDTO.swift"; sourceTree = "<group>"; };
		ABA9A2E22A623DC1005D8BE0 /* SellerModel+SearchDTO.swift */ = {isa = PBXFileReference; lastKnownFileType = sourcecode.swift; path = "SellerModel+SearchDTO.swift"; sourceTree = "<group>"; };
		ABA9A2E42A623E3B005D8BE0 /* SellerAddressModel+SearchDTO.swift */ = {isa = PBXFileReference; lastKnownFileType = sourcecode.swift; path = "SellerAddressModel+SearchDTO.swift"; sourceTree = "<group>"; };
		ABA9A2E62A623EFD005D8BE0 /* SearchModel+SearchDTO.swift */ = {isa = PBXFileReference; lastKnownFileType = sourcecode.swift; path = "SearchModel+SearchDTO.swift"; sourceTree = "<group>"; };
		ABA9A2EA2A623FE3005D8BE0 /* IdentifierTypeTests.swift */ = {isa = PBXFileReference; fileEncoding = 4; lastKnownFileType = sourcecode.swift; path = IdentifierTypeTests.swift; sourceTree = "<group>"; };
		ABA9A2EC2A624014005D8BE0 /* ViewController.swift */ = {isa = PBXFileReference; lastKnownFileType = sourcecode.swift; path = ViewController.swift; sourceTree = "<group>"; };
		ABA9A2F02A6240AB005D8BE0 /* Invocable.swift */ = {isa = PBXFileReference; fileEncoding = 4; lastKnownFileType = sourcecode.swift; path = Invocable.swift; sourceTree = "<group>"; };
		ABA9A2F12A6240AB005D8BE0 /* Stubbable.swift */ = {isa = PBXFileReference; fileEncoding = 4; lastKnownFileType = sourcecode.swift; path = Stubbable.swift; sourceTree = "<group>"; };
		ABA9A2F22A6240AB005D8BE0 /* Mockable.swift */ = {isa = PBXFileReference; fileEncoding = 4; lastKnownFileType = sourcecode.swift; path = Mockable.swift; sourceTree = "<group>"; };
		ABA9A2F32A6240AB005D8BE0 /* AssociatedKeys.swift */ = {isa = PBXFileReference; fileEncoding = 4; lastKnownFileType = sourcecode.swift; path = AssociatedKeys.swift; sourceTree = "<group>"; };
		ABA9A2F92A6240C8005D8BE0 /* MockNetworkingProvider.swift */ = {isa = PBXFileReference; fileEncoding = 4; lastKnownFileType = sourcecode.swift; path = MockNetworkingProvider.swift; sourceTree = "<group>"; };
		ABA9A2FC2A6240F1005D8BE0 /* XCTestCase+XCTAssertThrowsAsyncError.swift */ = {isa = PBXFileReference; fileEncoding = 4; lastKnownFileType = sourcecode.swift; path = "XCTestCase+XCTAssertThrowsAsyncError.swift"; sourceTree = "<group>"; };
		ABA9A3002A624130005D8BE0 /* MockSearchRepository.swift */ = {isa = PBXFileReference; lastKnownFileType = sourcecode.swift; path = MockSearchRepository.swift; sourceTree = "<group>"; };
		ABA9A3052A624256005D8BE0 /* ConcreteSearchRepositoryTests.swift */ = {isa = PBXFileReference; lastKnownFileType = sourcecode.swift; path = ConcreteSearchRepositoryTests.swift; sourceTree = "<group>"; };
		ABA9A3082A62435F005D8BE0 /* Helper+Models.swift */ = {isa = PBXFileReference; lastKnownFileType = sourcecode.swift; path = "Helper+Models.swift"; sourceTree = "<group>"; };
/* End PBXFileReference section */

/* Begin PBXFrameworksBuildPhase section */
		ABA9A2232A5F8CE4005D8BE0 /* Frameworks */ = {
			isa = PBXFrameworksBuildPhase;
			buildActionMask = 2147483647;
			files = (
			);
			runOnlyForDeploymentPostprocessing = 0;
		};
		ABA9A2392A5F8CE5005D8BE0 /* Frameworks */ = {
			isa = PBXFrameworksBuildPhase;
			buildActionMask = 2147483647;
			files = (
			);
			runOnlyForDeploymentPostprocessing = 0;
		};
/* End PBXFrameworksBuildPhase section */

/* Begin PBXGroup section */
		AB2BBA9B2A62481C0022B89D /* Feature Interfaces */ = {
			isa = PBXGroup;
			children = (
				AB2BBA9C2A62483D0022B89D /* Search Feature Interface */,
			);
			path = "Feature Interfaces";
			sourceTree = "<group>";
		};
		AB2BBA9C2A62483D0022B89D /* Search Feature Interface */ = {
			isa = PBXGroup;
			children = (
				AB2BBA9D2A6248400022B89D /* Data */,
			);
			path = "Search Feature Interface";
			sourceTree = "<group>";
		};
		AB2BBA9D2A6248400022B89D /* Data */ = {
			isa = PBXGroup;
			children = (
				AB2BBA9E2A62484F0022B89D /* Kinds */,
				AB2BBAA72A62496E0022B89D /* Models */,
			);
			path = Data;
			sourceTree = "<group>";
		};
		AB2BBA9E2A62484F0022B89D /* Kinds */ = {
			isa = PBXGroup;
			children = (
				AB2BBA9F2A6248560022B89D /* BuyingKindTests.swift */,
				AB2BBAA12A62489C0022B89D /* ListingKindTests.swift */,
				AB2BBAA32A6248E90022B89D /* SellerLevelKindTests.swift */,
				AB2BBAA52A6249280022B89D /* SellerPowerKindTests.swift */,
			);
			path = Kinds;
			sourceTree = "<group>";
		};
		AB2BBAA72A62496E0022B89D /* Models */ = {
			isa = PBXGroup;
			children = (
				AB2BBAA82A6249780022B89D /* ShippingModelTests.swift */,
				AB2BBAAA2A624A440022B89D /* TransactionsModelTests.swift */,
			);
			path = Models;
			sourceTree = "<group>";
		};
		AB2BBAAC2A624C4D0022B89D /* Business Logic */ = {
			isa = PBXGroup;
			children = (
				AB2BBAAD2A624C550022B89D /* Workers */,
			);
			path = "Business Logic";
			sourceTree = "<group>";
		};
		AB2BBAAD2A624C550022B89D /* Workers */ = {
			isa = PBXGroup;
			children = (
				AB2BBAAE2A624C710022B89D /* SearchFetchWorker.swift */,
			);
			path = Workers;
			sourceTree = "<group>";
		};
		AB2BBAB02A624CBE0022B89D /* Business Logic */ = {
			isa = PBXGroup;
			children = (
				AB2BBAB12A624CCD0022B89D /* Workers */,
			);
			path = "Business Logic";
			sourceTree = "<group>";
		};
		AB2BBAB12A624CCD0022B89D /* Workers */ = {
			isa = PBXGroup;
			children = (
				AB2BBAB22A624CD90022B89D /* MockSearchFetchWorker.swift */,
			);
			path = Workers;
			sourceTree = "<group>";
		};
		AB2BBAB42A624D890022B89D /* Business Logic */ = {
			isa = PBXGroup;
			children = (
				AB2BBAB52A624D910022B89D /* Workers */,
			);
			path = "Business Logic";
			sourceTree = "<group>";
		};
		AB2BBAB52A624D910022B89D /* Workers */ = {
			isa = PBXGroup;
			children = (
				AB2BBAB62A624D9C0022B89D /* ConcreteSearchFetchWorker.swift */,
			);
			path = Workers;
			sourceTree = "<group>";
		};
		AB2BBAB82A624E0C0022B89D /* Business Logic */ = {
			isa = PBXGroup;
			children = (
				AB2BBAB92A624E110022B89D /* Workers */,
			);
			path = "Business Logic";
			sourceTree = "<group>";
		};
		AB2BBAB92A624E110022B89D /* Workers */ = {
			isa = PBXGroup;
			children = (
				AB2BBABA2A624E170022B89D /* ConcreteSearchFetchWorkerTests.swift */,
			);
			path = Workers;
			sourceTree = "<group>";
		};
		ABA9A21D2A5F8CE4005D8BE0 = {
			isa = PBXGroup;
			children = (
				ABA9A2282A5F8CE4005D8BE0 /* Ecommerce */,
				ABA9A23F2A5F8CE5005D8BE0 /* EcommerceTests */,
				ABA9A2272A5F8CE4005D8BE0 /* Products */,
			);
			sourceTree = "<group>";
		};
		ABA9A2272A5F8CE4005D8BE0 /* Products */ = {
			isa = PBXGroup;
			children = (
				ABA9A2262A5F8CE4005D8BE0 /* Ecommerce.app */,
				ABA9A23C2A5F8CE5005D8BE0 /* EcommerceTests.xctest */,
			);
			name = Products;
			sourceTree = "<group>";
		};
		ABA9A2282A5F8CE4005D8BE0 /* Ecommerce */ = {
			isa = PBXGroup;
			children = (
				ABA9A2742A5F9CE5005D8BE0 /* API */,
				ABA9A2592A5F8E35005D8BE0 /* AppDelegate */,
				ABA9A28F2A6226FF005D8BE0 /* Common */,
				ABA9A2932A62273A005D8BE0 /* Feature Interfaces */,
				ABA9A2C52A62368B005D8BE0 /* Features */,
				ABA9A25B2A5F8F5A005D8BE0 /* Networking */,
				ABA9A25A2A5F8E48005D8BE0 /* Resources */,
				ABA9A26B2A5F9274005D8BE0 /* Utils */,
				ABA9A2EC2A624014005D8BE0 /* ViewController.swift */,
			);
			path = Ecommerce;
			sourceTree = "<group>";
		};
		ABA9A23F2A5F8CE5005D8BE0 /* EcommerceTests */ = {
			isa = PBXGroup;
			children = (
				ABA9A2792A61FFBC005D8BE0 /* API */,
				ABA9A2E82A623FC4005D8BE0 /* Common */,
				AB2BBA9B2A62481C0022B89D /* Feature Interfaces */,
				ABA9A3022A62421E005D8BE0 /* Features */,
				ABA9A2662A5F8FF6005D8BE0 /* Networking */,
				ABA9A2872A62188E005D8BE0 /* Vendors */,
			);
			path = EcommerceTests;
			sourceTree = "<group>";
		};
		ABA9A2592A5F8E35005D8BE0 /* AppDelegate */ = {
			isa = PBXGroup;
			children = (
				ABA9A2292A5F8CE4005D8BE0 /* AppDelegate.swift */,
				ABA9A22B2A5F8CE4005D8BE0 /* SceneDelegate.swift */,
			);
			path = AppDelegate;
			sourceTree = "<group>";
		};
		ABA9A25A2A5F8E48005D8BE0 /* Resources */ = {
			isa = PBXGroup;
			children = (
				ABA9A2322A5F8CE5005D8BE0 /* Assets.xcassets */,
				ABA9A2372A5F8CE5005D8BE0 /* Info.plist */,
			);
			path = Resources;
			sourceTree = "<group>";
		};
		ABA9A25B2A5F8F5A005D8BE0 /* Networking */ = {
			isa = PBXGroup;
			children = (
				ABA9A25C2A5F8F6E005D8BE0 /* ConcreteNetworkingProvider.swift */,
				ABA9A25E2A5F8F6E005D8BE0 /* HTTPMethod.swift */,
				ABA9A25D2A5F8F6E005D8BE0 /* NetworkingProvider.swift */,
				ABA9A25F2A5F8F6E005D8BE0 /* RequestError.swift */,
				ABA9A2602A5F8F6E005D8BE0 /* RequestType.swift */,
			);
			path = Networking;
			sourceTree = "<group>";
		};
		ABA9A2662A5F8FF6005D8BE0 /* Networking */ = {
			isa = PBXGroup;
			children = (
				ABA9A2682A5F9020005D8BE0 /* HTTPMethodTests.swift */,
				ABA9A2672A5F9020005D8BE0 /* RequestErrorTests.swift */,
			);
			path = Networking;
			sourceTree = "<group>";
		};
		ABA9A26B2A5F9274005D8BE0 /* Utils */ = {
			isa = PBXGroup;
			children = (
				ABA9A26F2A5F92A3005D8BE0 /* Extensions */,
				ABA9A26C2A5F9277005D8BE0 /* Logger */,
			);
			path = Utils;
			sourceTree = "<group>";
		};
		ABA9A26C2A5F9277005D8BE0 /* Logger */ = {
			isa = PBXGroup;
			children = (
				ABA9A26D2A5F928A005D8BE0 /* Logger.swift */,
			);
			path = Logger;
			sourceTree = "<group>";
		};
		ABA9A26F2A5F92A3005D8BE0 /* Extensions */ = {
			isa = PBXGroup;
			children = (
				ABA9A2702A5F92B5005D8BE0 /* Data+prettyPrintedJSONString.swift */,
				ABA9A2712A5F92B5005D8BE0 /* Dictionary+prettyPrintedJSONString.swift */,
			);
			path = Extensions;
			sourceTree = "<group>";
		};
		ABA9A2742A5F9CE5005D8BE0 /* API */ = {
			isa = PBXGroup;
			children = (
				ABA9A2752A5F9D01005D8BE0 /* EcommerceAPI.swift */,
				ABA9A2772A5F9D67005D8BE0 /* EcommerceAPI+Search.swift */,
				ABA9A27C2A620242005D8BE0 /* DTOs */,
				ABA9A27F2A621168005D8BE0 /* Vendors */,
			);
			path = API;
			sourceTree = "<group>";
		};
		ABA9A2792A61FFBC005D8BE0 /* API */ = {
			isa = PBXGroup;
			children = (
				ABA9A27A2A61FFDF005D8BE0 /* EcommerceAPITests.swift */,
				ABA9A2842A621858005D8BE0 /* DTOs */,
			);
			path = API;
			sourceTree = "<group>";
		};
		ABA9A27C2A620242005D8BE0 /* DTOs */ = {
			isa = PBXGroup;
			children = (
				ABA9A27D2A6202AC005D8BE0 /* SearchDTO.swift */,
			);
			path = DTOs;
			sourceTree = "<group>";
		};
		ABA9A27F2A621168005D8BE0 /* Vendors */ = {
			isa = PBXGroup;
			children = (
				ABA9A2802A62117A005D8BE0 /* Stubs.xcassets */,
			);
			path = Vendors;
			sourceTree = "<group>";
		};
		ABA9A2842A621858005D8BE0 /* DTOs */ = {
			isa = PBXGroup;
			children = (
				ABA9A2852A621869005D8BE0 /* SearchDTOTests.swift */,
			);
			path = DTOs;
			sourceTree = "<group>";
		};
		ABA9A2872A62188E005D8BE0 /* Vendors */ = {
			isa = PBXGroup;
			children = (
				ABA9A2882A62189E005D8BE0 /* Helpers */,
				ABA9A2EF2A62409F005D8BE0 /* Mockable */,
				ABA9A2F82A6240BE005D8BE0 /* Mocks */,
				ABA9A2FB2A6240E7005D8BE0 /* XCTestCase */,
			);
			path = Vendors;
			sourceTree = "<group>";
		};
		ABA9A2882A62189E005D8BE0 /* Helpers */ = {
			isa = PBXGroup;
			children = (
				ABA9A2892A6218AB005D8BE0 /* Helper.swift */,
				ABA9A28B2A6218EE005D8BE0 /* Helper+DTOs.swift */,
				ABA9A3082A62435F005D8BE0 /* Helper+Models.swift */,
				ABA9A28D2A62192A005D8BE0 /* Helper+Utils.swift */,
			);
			path = Helpers;
			sourceTree = "<group>";
		};
		ABA9A28F2A6226FF005D8BE0 /* Common */ = {
			isa = PBXGroup;
			children = (
				ABA9A2902A622709005D8BE0 /* IdentifierType */,
			);
			path = Common;
			sourceTree = "<group>";
		};
		ABA9A2902A622709005D8BE0 /* IdentifierType */ = {
			isa = PBXGroup;
			children = (
				ABA9A2912A622719005D8BE0 /* IdentifierType.swift */,
			);
			path = IdentifierType;
			sourceTree = "<group>";
		};
		ABA9A2932A62273A005D8BE0 /* Feature Interfaces */ = {
			isa = PBXGroup;
			children = (
				ABA9A2942A622749005D8BE0 /* Search Feature Interface */,
			);
			path = "Feature Interfaces";
			sourceTree = "<group>";
		};
		ABA9A2942A622749005D8BE0 /* Search Feature Interface */ = {
			isa = PBXGroup;
			children = (
				AB2BBAAC2A624C4D0022B89D /* Business Logic */,
				ABA9A2952A622755005D8BE0 /* Data */,
				ABA9A2C12A6235C2005D8BE0 /* Data Access */,
			);
			path = "Search Feature Interface";
			sourceTree = "<group>";
		};
		ABA9A2952A622755005D8BE0 /* Data */ = {
			isa = PBXGroup;
			children = (
				ABA9A2962A62275A005D8BE0 /* IDs */,
				ABA9A2A02A622B9F005D8BE0 /* Kinds */,
				ABA9A2992A6227DF005D8BE0 /* Models */,
			);
			path = Data;
			sourceTree = "<group>";
		};
		ABA9A2962A62275A005D8BE0 /* IDs */ = {
			isa = PBXGroup;
			children = (
				ABA9A2972A62279E005D8BE0 /* SearchItemID.swift */,
				ABA9A2A72A622C86005D8BE0 /* SellerID.swift */,
			);
			path = IDs;
			sourceTree = "<group>";
		};
		ABA9A2992A6227DF005D8BE0 /* Models */ = {
			isa = PBXGroup;
			children = (
				ABA9A2AD2A622D5B005D8BE0 /* AddressModel.swift */,
				ABA9A2B12A622E32005D8BE0 /* LocationCommonModel.swift */,
				ABA9A2BF2A62316C005D8BE0 /* MetricDetailModel.swift */,
				ABA9A2B72A622FF4005D8BE0 /* MetricsModel.swift */,
				ABA9A29C2A62294E005D8BE0 /* PagingModel.swift */,
				ABA9A2BB2A623061005D8BE0 /* RatingsModel.swift */,
				ABA9A2BD2A6230DF005D8BE0 /* SaleModel.swift */,
				ABA9A29E2A622B55005D8BE0 /* SearchItemModel.swift */,
				ABA9A29A2A622822005D8BE0 /* SearchModel.swift */,
				ABA9A2AB2A622CDA005D8BE0 /* SellerAddressModel.swift */,
				ABA9A2A92A622C9D005D8BE0 /* SellerModel.swift */,
				ABA9A2AF2A622DB5005D8BE0 /* SellerReputationModel.swift */,
				ABA9A2A52A622C3F005D8BE0 /* ShippingModel.swift */,
				ABA9A2B92A623032005D8BE0 /* TransactionsModel.swift */,
			);
			path = Models;
			sourceTree = "<group>";
		};
		ABA9A2A02A622B9F005D8BE0 /* Kinds */ = {
			isa = PBXGroup;
			children = (
				ABA9A2A12A622BB2005D8BE0 /* BuyingKind.swift */,
				ABA9A2A32A622BDB005D8BE0 /* ListingKind.swift */,
				ABA9A2B32A622E89005D8BE0 /* SellerLevelKind.swift */,
				ABA9A2B52A622EDA005D8BE0 /* SellerPowerKind.swift */,
			);
			path = Kinds;
			sourceTree = "<group>";
		};
		ABA9A2C12A6235C2005D8BE0 /* Data Access */ = {
			isa = PBXGroup;
			children = (
				ABA9A2C22A6235D1005D8BE0 /* Repositories */,
			);
			path = "Data Access";
			sourceTree = "<group>";
		};
		ABA9A2C22A6235D1005D8BE0 /* Repositories */ = {
			isa = PBXGroup;
			children = (
				ABA9A2C32A6235E6005D8BE0 /* SearchRepository.swift */,
			);
			path = Repositories;
			sourceTree = "<group>";
		};
		ABA9A2C52A62368B005D8BE0 /* Features */ = {
			isa = PBXGroup;
			children = (
				ABA9A2C62A6236C5005D8BE0 /* Search Feature */,
			);
			path = Features;
			sourceTree = "<group>";
		};
		ABA9A2C62A6236C5005D8BE0 /* Search Feature */ = {
			isa = PBXGroup;
			children = (
				AB2BBAB42A624D890022B89D /* Business Logic */,
				ABA9A2C72A6236CE005D8BE0 /* Data Access */,
			);
			path = "Search Feature";
			sourceTree = "<group>";
		};
		ABA9A2C72A6236CE005D8BE0 /* Data Access */ = {
			isa = PBXGroup;
			children = (
				ABA9A2CB2A62378F005D8BE0 /* Data Mappings */,
				ABA9A2C82A6236D4005D8BE0 /* Repositories */,
			);
			path = "Data Access";
			sourceTree = "<group>";
		};
		ABA9A2C82A6236D4005D8BE0 /* Repositories */ = {
			isa = PBXGroup;
			children = (
				ABA9A2C92A6236EA005D8BE0 /* ConcreteSearchRepository.swift */,
			);
			path = Repositories;
			sourceTree = "<group>";
		};
		ABA9A2CB2A62378F005D8BE0 /* Data Mappings */ = {
			isa = PBXGroup;
			children = (
				ABA9A2D02A62394D005D8BE0 /* AddressModel+SearchDTO.swift */,
				ABA9A2D22A623998005D8BE0 /* LocationCommonModel+SearchDTO.swift */,
				ABA9A2D42A623A01005D8BE0 /* MetricDetailModel+SearchDTO.swift */,
				ABA9A2DE2A623BD8005D8BE0 /* MetricsModel+SearchDTO.swift */,
				ABA9A2D62A623A48005D8BE0 /* PagingModel+SearchDTO.swift */,
				ABA9A2D82A623A7C005D8BE0 /* RatingsModel+SearchDTO.swift */,
				ABA9A2CE2A623891005D8BE0 /* SaleModel+SearchDTO.swift */,
				ABA9A2E02A623C83005D8BE0 /* SearchItemModel+SearchDTO.swift */,
				ABA9A2E62A623EFD005D8BE0 /* SearchModel+SearchDTO.swift */,
				ABA9A2E42A623E3B005D8BE0 /* SellerAddressModel+SearchDTO.swift */,
				ABA9A2E22A623DC1005D8BE0 /* SellerModel+SearchDTO.swift */,
				ABA9A2DC2A623B4A005D8BE0 /* SellerReputationModel+SearchDTO.swift */,
				ABA9A2CC2A6237D7005D8BE0 /* ShippingModel+SearchDTO.swift */,
				ABA9A2DA2A623AE8005D8BE0 /* TransactionsModel+SearchDTO.swift */,
			);
			path = "Data Mappings";
			sourceTree = "<group>";
		};
		ABA9A2E82A623FC4005D8BE0 /* Common */ = {
			isa = PBXGroup;
			children = (
				ABA9A2E92A623FCB005D8BE0 /* IdentifierType */,
			);
			path = Common;
			sourceTree = "<group>";
		};
		ABA9A2E92A623FCB005D8BE0 /* IdentifierType */ = {
			isa = PBXGroup;
			children = (
				ABA9A2EA2A623FE3005D8BE0 /* IdentifierTypeTests.swift */,
			);
			path = IdentifierType;
			sourceTree = "<group>";
		};
		ABA9A2EF2A62409F005D8BE0 /* Mockable */ = {
			isa = PBXGroup;
			children = (
				ABA9A2F32A6240AB005D8BE0 /* AssociatedKeys.swift */,
				ABA9A2F02A6240AB005D8BE0 /* Invocable.swift */,
				ABA9A2F22A6240AB005D8BE0 /* Mockable.swift */,
				ABA9A2F12A6240AB005D8BE0 /* Stubbable.swift */,
			);
			path = Mockable;
			sourceTree = "<group>";
		};
		ABA9A2F82A6240BE005D8BE0 /* Mocks */ = {
			isa = PBXGroup;
			children = (
				ABA9A3072A62432D005D8BE0 /* Networking */,
				ABA9A2FE2A624113005D8BE0 /* Search Feature */,
			);
			path = Mocks;
			sourceTree = "<group>";
		};
		ABA9A2FB2A6240E7005D8BE0 /* XCTestCase */ = {
			isa = PBXGroup;
			children = (
				ABA9A2FC2A6240F1005D8BE0 /* XCTestCase+XCTAssertThrowsAsyncError.swift */,
			);
			path = XCTestCase;
			sourceTree = "<group>";
		};
		ABA9A2FE2A624113005D8BE0 /* Search Feature */ = {
			isa = PBXGroup;
			children = (
				AB2BBAB02A624CBE0022B89D /* Business Logic */,
				ABA9A2FF2A62411F005D8BE0 /* Data Access */,
			);
			path = "Search Feature";
			sourceTree = "<group>";
		};
		ABA9A2FF2A62411F005D8BE0 /* Data Access */ = {
			isa = PBXGroup;
			children = (
				ABA9A3002A624130005D8BE0 /* MockSearchRepository.swift */,
			);
			path = "Data Access";
			sourceTree = "<group>";
		};
		ABA9A3022A62421E005D8BE0 /* Features */ = {
			isa = PBXGroup;
			children = (
				ABA9A3032A624228005D8BE0 /* Search Feature */,
			);
			path = Features;
			sourceTree = "<group>";
		};
		ABA9A3032A624228005D8BE0 /* Search Feature */ = {
			isa = PBXGroup;
			children = (
				AB2BBAB82A624E0C0022B89D /* Business Logic */,
				ABA9A3042A624231005D8BE0 /* Data Access */,
			);
			path = "Search Feature";
			sourceTree = "<group>";
		};
		ABA9A3042A624231005D8BE0 /* Data Access */ = {
			isa = PBXGroup;
			children = (
				ABA9A3052A624256005D8BE0 /* ConcreteSearchRepositoryTests.swift */,
			);
			path = "Data Access";
			sourceTree = "<group>";
		};
		ABA9A3072A62432D005D8BE0 /* Networking */ = {
			isa = PBXGroup;
			children = (
				ABA9A2F92A6240C8005D8BE0 /* MockNetworkingProvider.swift */,
			);
			path = Networking;
			sourceTree = "<group>";
		};
/* End PBXGroup section */

/* Begin PBXNativeTarget section */
		ABA9A2252A5F8CE4005D8BE0 /* Ecommerce */ = {
			isa = PBXNativeTarget;
			buildConfigurationList = ABA9A2502A5F8CE5005D8BE0 /* Build configuration list for PBXNativeTarget "Ecommerce" */;
			buildPhases = (
				ABA9A2222A5F8CE4005D8BE0 /* Sources */,
				ABA9A2232A5F8CE4005D8BE0 /* Frameworks */,
				ABA9A2242A5F8CE4005D8BE0 /* Resources */,
			);
			buildRules = (
			);
			dependencies = (
			);
			name = Ecommerce;
			productName = Ecommerce;
			productReference = ABA9A2262A5F8CE4005D8BE0 /* Ecommerce.app */;
			productType = "com.apple.product-type.application";
		};
		ABA9A23B2A5F8CE5005D8BE0 /* EcommerceTests */ = {
			isa = PBXNativeTarget;
			buildConfigurationList = ABA9A2532A5F8CE5005D8BE0 /* Build configuration list for PBXNativeTarget "EcommerceTests" */;
			buildPhases = (
				ABA9A2382A5F8CE5005D8BE0 /* Sources */,
				ABA9A2392A5F8CE5005D8BE0 /* Frameworks */,
				ABA9A23A2A5F8CE5005D8BE0 /* Resources */,
			);
			buildRules = (
			);
			dependencies = (
				ABA9A23E2A5F8CE5005D8BE0 /* PBXTargetDependency */,
			);
			name = EcommerceTests;
			productName = EcommerceTests;
			productReference = ABA9A23C2A5F8CE5005D8BE0 /* EcommerceTests.xctest */;
			productType = "com.apple.product-type.bundle.unit-test";
		};
/* End PBXNativeTarget section */

/* Begin PBXProject section */
		ABA9A21E2A5F8CE4005D8BE0 /* Project object */ = {
			isa = PBXProject;
			attributes = {
				BuildIndependentTargetsInParallel = 1;
				LastSwiftUpdateCheck = 1430;
				LastUpgradeCheck = 1430;
				TargetAttributes = {
					ABA9A2252A5F8CE4005D8BE0 = {
						CreatedOnToolsVersion = 14.3;
					};
					ABA9A23B2A5F8CE5005D8BE0 = {
						CreatedOnToolsVersion = 14.3;
						TestTargetID = ABA9A2252A5F8CE4005D8BE0;
					};
				};
			};
			buildConfigurationList = ABA9A2212A5F8CE4005D8BE0 /* Build configuration list for PBXProject "Ecommerce" */;
			compatibilityVersion = "Xcode 14.0";
			developmentRegion = en;
			hasScannedForEncodings = 0;
			knownRegions = (
				en,
				Base,
			);
			mainGroup = ABA9A21D2A5F8CE4005D8BE0;
			productRefGroup = ABA9A2272A5F8CE4005D8BE0 /* Products */;
			projectDirPath = "";
			projectRoot = "";
			targets = (
				ABA9A2252A5F8CE4005D8BE0 /* Ecommerce */,
				ABA9A23B2A5F8CE5005D8BE0 /* EcommerceTests */,
			);
		};
/* End PBXProject section */

/* Begin PBXResourcesBuildPhase section */
		ABA9A2242A5F8CE4005D8BE0 /* Resources */ = {
			isa = PBXResourcesBuildPhase;
			buildActionMask = 2147483647;
			files = (
				ABA9A2332A5F8CE5005D8BE0 /* Assets.xcassets in Resources */,
				ABA9A2812A62117A005D8BE0 /* Stubs.xcassets in Resources */,
			);
			runOnlyForDeploymentPostprocessing = 0;
		};
		ABA9A23A2A5F8CE5005D8BE0 /* Resources */ = {
			isa = PBXResourcesBuildPhase;
			buildActionMask = 2147483647;
			files = (
			);
			runOnlyForDeploymentPostprocessing = 0;
		};
/* End PBXResourcesBuildPhase section */

/* Begin PBXSourcesBuildPhase section */
		ABA9A2222A5F8CE4005D8BE0 /* Sources */ = {
			isa = PBXSourcesBuildPhase;
			buildActionMask = 2147483647;
			files = (
				AB2BBAAF2A624C710022B89D /* SearchFetchWorker.swift in Sources */,
				ABA9A2642A5F8F6E005D8BE0 /* RequestError.swift in Sources */,
				ABA9A2A82A622C86005D8BE0 /* SellerID.swift in Sources */,
				ABA9A2CF2A623891005D8BE0 /* SaleModel+SearchDTO.swift in Sources */,
				ABA9A2D52A623A01005D8BE0 /* MetricDetailModel+SearchDTO.swift in Sources */,
				ABA9A2782A5F9D67005D8BE0 /* EcommerceAPI+Search.swift in Sources */,
				ABA9A2722A5F92B5005D8BE0 /* Data+prettyPrintedJSONString.swift in Sources */,
				ABA9A29D2A62294E005D8BE0 /* PagingModel.swift in Sources */,
				ABA9A2B02A622DB5005D8BE0 /* SellerReputationModel.swift in Sources */,
				ABA9A2762A5F9D01005D8BE0 /* EcommerceAPI.swift in Sources */,
				ABA9A2ED2A624014005D8BE0 /* ViewController.swift in Sources */,
				ABA9A22A2A5F8CE4005D8BE0 /* AppDelegate.swift in Sources */,
				ABA9A2D32A623998005D8BE0 /* LocationCommonModel+SearchDTO.swift in Sources */,
				ABA9A2632A5F8F6E005D8BE0 /* HTTPMethod.swift in Sources */,
				ABA9A2E12A623C83005D8BE0 /* SearchItemModel+SearchDTO.swift in Sources */,
				ABA9A2DD2A623B4A005D8BE0 /* SellerReputationModel+SearchDTO.swift in Sources */,
				ABA9A2CD2A6237D7005D8BE0 /* ShippingModel+SearchDTO.swift in Sources */,
				ABA9A2D72A623A48005D8BE0 /* PagingModel+SearchDTO.swift in Sources */,
				ABA9A2922A622719005D8BE0 /* IdentifierType.swift in Sources */,
				ABA9A2CA2A6236EA005D8BE0 /* ConcreteSearchRepository.swift in Sources */,
				ABA9A2DF2A623BD8005D8BE0 /* MetricsModel+SearchDTO.swift in Sources */,
				ABA9A2B22A622E32005D8BE0 /* LocationCommonModel.swift in Sources */,
				ABA9A26E2A5F928A005D8BE0 /* Logger.swift in Sources */,
				ABA9A27E2A6202AC005D8BE0 /* SearchDTO.swift in Sources */,
				ABA9A2D12A62394D005D8BE0 /* AddressModel+SearchDTO.swift in Sources */,
				ABA9A2AA2A622C9D005D8BE0 /* SellerModel.swift in Sources */,
				ABA9A2C42A6235E6005D8BE0 /* SearchRepository.swift in Sources */,
				ABA9A2E52A623E3B005D8BE0 /* SellerAddressModel+SearchDTO.swift in Sources */,
				ABA9A2A42A622BDB005D8BE0 /* ListingKind.swift in Sources */,
				ABA9A2A22A622BB2005D8BE0 /* BuyingKind.swift in Sources */,
				ABA9A2A62A622C3F005D8BE0 /* ShippingModel.swift in Sources */,
				ABA9A29B2A622822005D8BE0 /* SearchModel.swift in Sources */,
				ABA9A2612A5F8F6E005D8BE0 /* ConcreteNetworkingProvider.swift in Sources */,
				ABA9A2B62A622EDA005D8BE0 /* SellerPowerKind.swift in Sources */,
				ABA9A2AE2A622D5B005D8BE0 /* AddressModel.swift in Sources */,
				ABA9A2622A5F8F6E005D8BE0 /* NetworkingProvider.swift in Sources */,
				ABA9A2DB2A623AE8005D8BE0 /* TransactionsModel+SearchDTO.swift in Sources */,
				ABA9A2732A5F92B5005D8BE0 /* Dictionary+prettyPrintedJSONString.swift in Sources */,
				ABA9A22C2A5F8CE4005D8BE0 /* SceneDelegate.swift in Sources */,
				ABA9A2BC2A623061005D8BE0 /* RatingsModel.swift in Sources */,
				AB2BBAB72A624D9C0022B89D /* ConcreteSearchFetchWorker.swift in Sources */,
				ABA9A2652A5F8F6E005D8BE0 /* RequestType.swift in Sources */,
				ABA9A2E32A623DC1005D8BE0 /* SellerModel+SearchDTO.swift in Sources */,
				ABA9A2982A62279E005D8BE0 /* SearchItemID.swift in Sources */,
				ABA9A2BE2A6230DF005D8BE0 /* SaleModel.swift in Sources */,
				ABA9A2B42A622E89005D8BE0 /* SellerLevelKind.swift in Sources */,
				ABA9A2E72A623EFD005D8BE0 /* SearchModel+SearchDTO.swift in Sources */,
				ABA9A2C02A62316C005D8BE0 /* MetricDetailModel.swift in Sources */,
				ABA9A2BA2A623032005D8BE0 /* TransactionsModel.swift in Sources */,
				ABA9A2B82A622FF4005D8BE0 /* MetricsModel.swift in Sources */,
				ABA9A29F2A622B55005D8BE0 /* SearchItemModel.swift in Sources */,
				ABA9A2AC2A622CDA005D8BE0 /* SellerAddressModel.swift in Sources */,
				ABA9A2D92A623A7C005D8BE0 /* RatingsModel+SearchDTO.swift in Sources */,
			);
			runOnlyForDeploymentPostprocessing = 0;
		};
		ABA9A2382A5F8CE5005D8BE0 /* Sources */ = {
			isa = PBXSourcesBuildPhase;
			buildActionMask = 2147483647;
			files = (
				ABA9A3012A624130005D8BE0 /* MockSearchRepository.swift in Sources */,
				ABA9A2FA2A6240C8005D8BE0 /* MockNetworkingProvider.swift in Sources */,
				AB2BBABB2A624E170022B89D /* ConcreteSearchFetchWorkerTests.swift in Sources */,
				ABA9A2F62A6240AB005D8BE0 /* Mockable.swift in Sources */,
				AB2BBAAB2A624A440022B89D /* TransactionsModelTests.swift in Sources */,
				ABA9A26A2A5F9020005D8BE0 /* HTTPMethodTests.swift in Sources */,
				ABA9A2F42A6240AB005D8BE0 /* Invocable.swift in Sources */,
				ABA9A2F72A6240AB005D8BE0 /* AssociatedKeys.swift in Sources */,
				ABA9A2FD2A6240F1005D8BE0 /* XCTestCase+XCTAssertThrowsAsyncError.swift in Sources */,
				ABA9A28E2A62192A005D8BE0 /* Helper+Utils.swift in Sources */,
				ABA9A2862A621869005D8BE0 /* SearchDTOTests.swift in Sources */,
				AB2BBAA22A62489C0022B89D /* ListingKindTests.swift in Sources */,
				ABA9A28A2A6218AB005D8BE0 /* Helper.swift in Sources */,
				ABA9A3062A624256005D8BE0 /* ConcreteSearchRepositoryTests.swift in Sources */,
				ABA9A2EB2A623FE3005D8BE0 /* IdentifierTypeTests.swift in Sources */,
				AB2BBAA92A6249780022B89D /* ShippingModelTests.swift in Sources */,
				AB2BBAA42A6248E90022B89D /* SellerLevelKindTests.swift in Sources */,
				ABA9A2692A5F9020005D8BE0 /* RequestErrorTests.swift in Sources */,
				ABA9A27B2A61FFDF005D8BE0 /* EcommerceAPITests.swift in Sources */,
				AB2BBAB32A624CD90022B89D /* MockSearchFetchWorker.swift in Sources */,
				ABA9A2F52A6240AB005D8BE0 /* Stubbable.swift in Sources */,
				AB2BBAA62A6249280022B89D /* SellerPowerKindTests.swift in Sources */,
				AB2BBAA02A6248560022B89D /* BuyingKindTests.swift in Sources */,
				ABA9A3092A62435F005D8BE0 /* Helper+Models.swift in Sources */,
				ABA9A28C2A6218EE005D8BE0 /* Helper+DTOs.swift in Sources */,
			);
			runOnlyForDeploymentPostprocessing = 0;
		};
/* End PBXSourcesBuildPhase section */

/* Begin PBXTargetDependency section */
		ABA9A23E2A5F8CE5005D8BE0 /* PBXTargetDependency */ = {
			isa = PBXTargetDependency;
			target = ABA9A2252A5F8CE4005D8BE0 /* Ecommerce */;
			targetProxy = ABA9A23D2A5F8CE5005D8BE0 /* PBXContainerItemProxy */;
		};
/* End PBXTargetDependency section */

/* Begin XCBuildConfiguration section */
		ABA9A24E2A5F8CE5005D8BE0 /* Debug */ = {
			isa = XCBuildConfiguration;
			buildSettings = {
				ALWAYS_SEARCH_USER_PATHS = NO;
				CLANG_ANALYZER_NONNULL = YES;
				CLANG_ANALYZER_NUMBER_OBJECT_CONVERSION = YES_AGGRESSIVE;
				CLANG_CXX_LANGUAGE_STANDARD = "gnu++20";
				CLANG_ENABLE_MODULES = YES;
				CLANG_ENABLE_OBJC_ARC = YES;
				CLANG_ENABLE_OBJC_WEAK = YES;
				CLANG_WARN_BLOCK_CAPTURE_AUTORELEASING = YES;
				CLANG_WARN_BOOL_CONVERSION = YES;
				CLANG_WARN_COMMA = YES;
				CLANG_WARN_CONSTANT_CONVERSION = YES;
				CLANG_WARN_DEPRECATED_OBJC_IMPLEMENTATIONS = YES;
				CLANG_WARN_DIRECT_OBJC_ISA_USAGE = YES_ERROR;
				CLANG_WARN_DOCUMENTATION_COMMENTS = YES;
				CLANG_WARN_EMPTY_BODY = YES;
				CLANG_WARN_ENUM_CONVERSION = YES;
				CLANG_WARN_INFINITE_RECURSION = YES;
				CLANG_WARN_INT_CONVERSION = YES;
				CLANG_WARN_NON_LITERAL_NULL_CONVERSION = YES;
				CLANG_WARN_OBJC_IMPLICIT_RETAIN_SELF = YES;
				CLANG_WARN_OBJC_LITERAL_CONVERSION = YES;
				CLANG_WARN_OBJC_ROOT_CLASS = YES_ERROR;
				CLANG_WARN_QUOTED_INCLUDE_IN_FRAMEWORK_HEADER = YES;
				CLANG_WARN_RANGE_LOOP_ANALYSIS = YES;
				CLANG_WARN_STRICT_PROTOTYPES = YES;
				CLANG_WARN_SUSPICIOUS_MOVE = YES;
				CLANG_WARN_UNGUARDED_AVAILABILITY = YES_AGGRESSIVE;
				CLANG_WARN_UNREACHABLE_CODE = YES;
				CLANG_WARN__DUPLICATE_METHOD_MATCH = YES;
				COPY_PHASE_STRIP = NO;
				DEBUG_INFORMATION_FORMAT = dwarf;
				ENABLE_STRICT_OBJC_MSGSEND = YES;
				ENABLE_TESTABILITY = YES;
				GCC_C_LANGUAGE_STANDARD = gnu11;
				GCC_DYNAMIC_NO_PIC = NO;
				GCC_NO_COMMON_BLOCKS = YES;
				GCC_OPTIMIZATION_LEVEL = 0;
				GCC_PREPROCESSOR_DEFINITIONS = (
					"DEBUG=1",
					"$(inherited)",
				);
				GCC_WARN_64_TO_32_BIT_CONVERSION = YES;
				GCC_WARN_ABOUT_RETURN_TYPE = YES_ERROR;
				GCC_WARN_UNDECLARED_SELECTOR = YES;
				GCC_WARN_UNINITIALIZED_AUTOS = YES_AGGRESSIVE;
				GCC_WARN_UNUSED_FUNCTION = YES;
				GCC_WARN_UNUSED_VARIABLE = YES;
				IPHONEOS_DEPLOYMENT_TARGET = 16.4;
				MTL_ENABLE_DEBUG_INFO = INCLUDE_SOURCE;
				MTL_FAST_MATH = YES;
				ONLY_ACTIVE_ARCH = YES;
				SDKROOT = iphoneos;
				SWIFT_ACTIVE_COMPILATION_CONDITIONS = DEBUG;
				SWIFT_OPTIMIZATION_LEVEL = "-Onone";
			};
			name = Debug;
		};
		ABA9A24F2A5F8CE5005D8BE0 /* Release */ = {
			isa = XCBuildConfiguration;
			buildSettings = {
				ALWAYS_SEARCH_USER_PATHS = NO;
				CLANG_ANALYZER_NONNULL = YES;
				CLANG_ANALYZER_NUMBER_OBJECT_CONVERSION = YES_AGGRESSIVE;
				CLANG_CXX_LANGUAGE_STANDARD = "gnu++20";
				CLANG_ENABLE_MODULES = YES;
				CLANG_ENABLE_OBJC_ARC = YES;
				CLANG_ENABLE_OBJC_WEAK = YES;
				CLANG_WARN_BLOCK_CAPTURE_AUTORELEASING = YES;
				CLANG_WARN_BOOL_CONVERSION = YES;
				CLANG_WARN_COMMA = YES;
				CLANG_WARN_CONSTANT_CONVERSION = YES;
				CLANG_WARN_DEPRECATED_OBJC_IMPLEMENTATIONS = YES;
				CLANG_WARN_DIRECT_OBJC_ISA_USAGE = YES_ERROR;
				CLANG_WARN_DOCUMENTATION_COMMENTS = YES;
				CLANG_WARN_EMPTY_BODY = YES;
				CLANG_WARN_ENUM_CONVERSION = YES;
				CLANG_WARN_INFINITE_RECURSION = YES;
				CLANG_WARN_INT_CONVERSION = YES;
				CLANG_WARN_NON_LITERAL_NULL_CONVERSION = YES;
				CLANG_WARN_OBJC_IMPLICIT_RETAIN_SELF = YES;
				CLANG_WARN_OBJC_LITERAL_CONVERSION = YES;
				CLANG_WARN_OBJC_ROOT_CLASS = YES_ERROR;
				CLANG_WARN_QUOTED_INCLUDE_IN_FRAMEWORK_HEADER = YES;
				CLANG_WARN_RANGE_LOOP_ANALYSIS = YES;
				CLANG_WARN_STRICT_PROTOTYPES = YES;
				CLANG_WARN_SUSPICIOUS_MOVE = YES;
				CLANG_WARN_UNGUARDED_AVAILABILITY = YES_AGGRESSIVE;
				CLANG_WARN_UNREACHABLE_CODE = YES;
				CLANG_WARN__DUPLICATE_METHOD_MATCH = YES;
				COPY_PHASE_STRIP = NO;
				DEBUG_INFORMATION_FORMAT = "dwarf-with-dsym";
				ENABLE_NS_ASSERTIONS = NO;
				ENABLE_STRICT_OBJC_MSGSEND = YES;
				GCC_C_LANGUAGE_STANDARD = gnu11;
				GCC_NO_COMMON_BLOCKS = YES;
				GCC_WARN_64_TO_32_BIT_CONVERSION = YES;
				GCC_WARN_ABOUT_RETURN_TYPE = YES_ERROR;
				GCC_WARN_UNDECLARED_SELECTOR = YES;
				GCC_WARN_UNINITIALIZED_AUTOS = YES_AGGRESSIVE;
				GCC_WARN_UNUSED_FUNCTION = YES;
				GCC_WARN_UNUSED_VARIABLE = YES;
				IPHONEOS_DEPLOYMENT_TARGET = 16.4;
				MTL_ENABLE_DEBUG_INFO = NO;
				MTL_FAST_MATH = YES;
				SDKROOT = iphoneos;
				SWIFT_COMPILATION_MODE = wholemodule;
				SWIFT_OPTIMIZATION_LEVEL = "-O";
				VALIDATE_PRODUCT = YES;
			};
			name = Release;
		};
		ABA9A2512A5F8CE5005D8BE0 /* Debug */ = {
			isa = XCBuildConfiguration;
			buildSettings = {
				ASSETCATALOG_COMPILER_APPICON_NAME = AppIcon;
				ASSETCATALOG_COMPILER_GLOBAL_ACCENT_COLOR_NAME = AccentColor;
				CODE_SIGN_STYLE = Automatic;
				CURRENT_PROJECT_VERSION = 1;
				DEVELOPMENT_TEAM = U2HHD8L7L2;
				GENERATE_INFOPLIST_FILE = YES;
				INFOPLIST_FILE = Ecommerce/Resources/Info.plist;
				INFOPLIST_KEY_UIApplicationSupportsIndirectInputEvents = YES;
				INFOPLIST_KEY_UILaunchStoryboardName = LaunchScreen;
				INFOPLIST_KEY_UISupportedInterfaceOrientations_iPad = "UIInterfaceOrientationPortrait UIInterfaceOrientationPortraitUpsideDown UIInterfaceOrientationLandscapeLeft UIInterfaceOrientationLandscapeRight";
				INFOPLIST_KEY_UISupportedInterfaceOrientations_iPhone = "UIInterfaceOrientationPortrait UIInterfaceOrientationLandscapeLeft UIInterfaceOrientationLandscapeRight";
				LD_RUNPATH_SEARCH_PATHS = (
					"$(inherited)",
					"@executable_path/Frameworks",
				);
				MARKETING_VERSION = 1.0;
				PRODUCT_BUNDLE_IDENTIFIER = co.gian.Ecommerce;
				PRODUCT_NAME = "$(TARGET_NAME)";
				SWIFT_EMIT_LOC_STRINGS = YES;
				SWIFT_VERSION = 5.0;
				TARGETED_DEVICE_FAMILY = "1,2";
			};
			name = Debug;
		};
		ABA9A2522A5F8CE5005D8BE0 /* Release */ = {
			isa = XCBuildConfiguration;
			buildSettings = {
				ASSETCATALOG_COMPILER_APPICON_NAME = AppIcon;
				ASSETCATALOG_COMPILER_GLOBAL_ACCENT_COLOR_NAME = AccentColor;
				CODE_SIGN_STYLE = Automatic;
				CURRENT_PROJECT_VERSION = 1;
				DEVELOPMENT_TEAM = U2HHD8L7L2;
				GENERATE_INFOPLIST_FILE = YES;
				INFOPLIST_FILE = Ecommerce/Resources/Info.plist;
				INFOPLIST_KEY_UIApplicationSupportsIndirectInputEvents = YES;
				INFOPLIST_KEY_UILaunchStoryboardName = LaunchScreen;
				INFOPLIST_KEY_UISupportedInterfaceOrientations_iPad = "UIInterfaceOrientationPortrait UIInterfaceOrientationPortraitUpsideDown UIInterfaceOrientationLandscapeLeft UIInterfaceOrientationLandscapeRight";
				INFOPLIST_KEY_UISupportedInterfaceOrientations_iPhone = "UIInterfaceOrientationPortrait UIInterfaceOrientationLandscapeLeft UIInterfaceOrientationLandscapeRight";
				LD_RUNPATH_SEARCH_PATHS = (
					"$(inherited)",
					"@executable_path/Frameworks",
				);
				MARKETING_VERSION = 1.0;
				PRODUCT_BUNDLE_IDENTIFIER = co.gian.Ecommerce;
				PRODUCT_NAME = "$(TARGET_NAME)";
				SWIFT_EMIT_LOC_STRINGS = YES;
				SWIFT_VERSION = 5.0;
				TARGETED_DEVICE_FAMILY = "1,2";
			};
			name = Release;
		};
		ABA9A2542A5F8CE5005D8BE0 /* Debug */ = {
			isa = XCBuildConfiguration;
			buildSettings = {
				ALWAYS_EMBED_SWIFT_STANDARD_LIBRARIES = YES;
				BUNDLE_LOADER = "$(TEST_HOST)";
				CODE_SIGN_STYLE = Automatic;
				CURRENT_PROJECT_VERSION = 1;
				DEVELOPMENT_TEAM = U2HHD8L7L2;
				GENERATE_INFOPLIST_FILE = YES;
				IPHONEOS_DEPLOYMENT_TARGET = 16.4;
				MARKETING_VERSION = 1.0;
				PRODUCT_BUNDLE_IDENTIFIER = co.gian.EcommerceTests;
				PRODUCT_NAME = "$(TARGET_NAME)";
				SWIFT_EMIT_LOC_STRINGS = NO;
				SWIFT_VERSION = 5.0;
				TARGETED_DEVICE_FAMILY = "1,2";
				TEST_HOST = "$(BUILT_PRODUCTS_DIR)/Ecommerce.app/$(BUNDLE_EXECUTABLE_FOLDER_PATH)/Ecommerce";
			};
			name = Debug;
		};
		ABA9A2552A5F8CE5005D8BE0 /* Release */ = {
			isa = XCBuildConfiguration;
			buildSettings = {
				ALWAYS_EMBED_SWIFT_STANDARD_LIBRARIES = YES;
				BUNDLE_LOADER = "$(TEST_HOST)";
				CODE_SIGN_STYLE = Automatic;
				CURRENT_PROJECT_VERSION = 1;
				DEVELOPMENT_TEAM = U2HHD8L7L2;
				GENERATE_INFOPLIST_FILE = YES;
				IPHONEOS_DEPLOYMENT_TARGET = 16.4;
				MARKETING_VERSION = 1.0;
				PRODUCT_BUNDLE_IDENTIFIER = co.gian.EcommerceTests;
				PRODUCT_NAME = "$(TARGET_NAME)";
				SWIFT_EMIT_LOC_STRINGS = NO;
				SWIFT_VERSION = 5.0;
				TARGETED_DEVICE_FAMILY = "1,2";
				TEST_HOST = "$(BUILT_PRODUCTS_DIR)/Ecommerce.app/$(BUNDLE_EXECUTABLE_FOLDER_PATH)/Ecommerce";
			};
			name = Release;
		};
/* End XCBuildConfiguration section */

/* Begin XCConfigurationList section */
		ABA9A2212A5F8CE4005D8BE0 /* Build configuration list for PBXProject "Ecommerce" */ = {
			isa = XCConfigurationList;
			buildConfigurations = (
				ABA9A24E2A5F8CE5005D8BE0 /* Debug */,
				ABA9A24F2A5F8CE5005D8BE0 /* Release */,
			);
			defaultConfigurationIsVisible = 0;
			defaultConfigurationName = Release;
		};
		ABA9A2502A5F8CE5005D8BE0 /* Build configuration list for PBXNativeTarget "Ecommerce" */ = {
			isa = XCConfigurationList;
			buildConfigurations = (
				ABA9A2512A5F8CE5005D8BE0 /* Debug */,
				ABA9A2522A5F8CE5005D8BE0 /* Release */,
			);
			defaultConfigurationIsVisible = 0;
			defaultConfigurationName = Release;
		};
		ABA9A2532A5F8CE5005D8BE0 /* Build configuration list for PBXNativeTarget "EcommerceTests" */ = {
			isa = XCConfigurationList;
			buildConfigurations = (
				ABA9A2542A5F8CE5005D8BE0 /* Debug */,
				ABA9A2552A5F8CE5005D8BE0 /* Release */,
			);
			defaultConfigurationIsVisible = 0;
			defaultConfigurationName = Release;
		};
/* End XCConfigurationList section */
	};
	rootObject = ABA9A21E2A5F8CE4005D8BE0 /* Project object */;
}
